# This file is automatically @generated by Cargo.
# It is not intended for manual editing.
version = 4

[[package]]
name = "member-a"
version = "0.1.0"
dependencies = [
 "mm-shared",
]

[[package]]
name = "member-b"
version = "0.1.0"
dependencies = [
 "mm-shared",
]

[[package]]
name = "mm-shared"
version = "0.1.0"
