# This file is automatically @generated by Cargo.
# It is not intended for manual editing.
version = 4

[[package]]
name = "libc"
version = "0.2.63"
source = "registry+https://github.com/rust-lang/crates.io-index"
checksum = "d79583502bff0523e107ca44dd366ff807c6442b4a94ccef0432c7e84f856583"

[[package]]
name = "yanked-dep-fixture"
version = "0.1.0"
dependencies = [
 "libc",
]
