# This file is automatically @generated by Cargo.
# It is not intended for manual editing.
version = 4

[[package]]
name = "chain-leaf"
version = "0.1.0"

[[package]]
name = "chain-mid"
version = "0.1.0"
dependencies = [
 "chain-leaf",
]

[[package]]
name = "chain-root"
version = "0.1.0"
dependencies = [
 "chain-mid",
]
