# This file is automatically @generated by Cargo.
# It is not intended for manual editing.
version = 4

[[package]]
name = "bs-bd"
version = "0.1.0"
dependencies = [
 "bs-sub",
]

[[package]]
name = "bs-root"
version = "0.1.0"
dependencies = [
 "bs-bd",
]

[[package]]
name = "bs-sub"
version = "0.1.0"
