# This file is automatically @generated by Cargo.
# It is not intended for manual editing.
version = 4

[[package]]
name = "ph-dev"
version = "0.1.0"
dependencies = [
 "ph-shared",
]

[[package]]
name = "ph-root"
version = "0.1.0"
dependencies = [
 "ph-dev",
 "ph-shared",
]

[[package]]
name = "ph-shared"
version = "0.1.0"
